dependencies:
- name: ingress-nginx
  repository: https://kubernetes.github.io/ingress-nginx
  version: 4.2.5
- name: cert-manager
  repository: https://charts.jetstack.io
  version: v1.10.0
digest: sha256:757834c710de1463f60f987f8fd09234e3c3294a9e72a4ccd5af132df5095d31
generated: "2022-11-03T23:09:57.562917+01:00"
